PODS:
  - Bolts/Tasks (1.8.4)
  - OneSignal (2.1.15)
  - Parse (1.14.2):
    - Bolts/Tasks (~> 1.8)

DEPENDENCIES:
  - OneSignal
  - Parse

SPEC CHECKSUMS:
  Bolts: 8a7995239dbe724f9cba2248b766d48b7ebdd322
  OneSignal: de89d8a0667559332f825dbc2f545af8ce110a5f
  Parse: 4335d65f40cb3d43190d723144bbe1afb9c38230

PODFILE CHECKSUM: efb9ea6c060446daa79a1f371f20ca9fa5b34ed9

COCOAPODS: 1.1.1
