// !$*UTF8*$!
{
	archiveVersion = 1;
	classes = {
	};
	objectVersion = 46;
	objects = {

/* Begin PBXBuildFile section */
		3BF61A3DAC150439163342B9 /* Pods_Bravo.framework in Frameworks */ = {isa = PBXBuildFile; fileRef = 65DCB59DBA5A01084E428B26 /* Pods_Bravo.framework */; };
		64DBDF3B1DD7B7CD00D1D378 /* TeamSelectionViewController.swift in Sources */ = {isa = PBXBuildFile; fileRef = 64DBDF3A1DD7B7CD00D1D378 /* TeamSelectionViewController.swift */; };
		64DBDF3D1DD7B8A100D1D378 /* TeamCreationViewController.swift in Sources */ = {isa = PBXBuildFile; fileRef = 64DBDF3C1DD7B8A100D1D378 /* TeamCreationViewController.swift */; };
		64DBDF3F1DD7B91800D1D378 /* TeamSearchViewController.swift in Sources */ = {isa = PBXBuildFile; fileRef = 64DBDF3E1DD7B91800D1D378 /* TeamSearchViewController.swift */; };
		64FE56C71DD7BFA60099562D /* TeamCreation.storyboard in Resources */ = {isa = PBXBuildFile; fileRef = 64FE56C61DD7BFA60099562D /* TeamCreation.storyboard */; };
		E1AE75A41DD7C7120060FE6D /* SignUpViewController.swift in Sources */ = {isa = PBXBuildFile; fileRef = E1AE75A31DD7C7120060FE6D /* SignUpViewController.swift */; };
		EE31211F1DD7D5ED00665F4C /* User.swift in Sources */ = {isa = PBXBuildFile; fileRef = EE31211E1DD7D5ED00665F4C /* User.swift */; };
		EEF36DAE1DD1855C0032BCE6 /* AppDelegate.swift in Sources */ = {isa = PBXBuildFile; fileRef = EEF36DAD1DD1855C0032BCE6 /* AppDelegate.swift */; };
		EEF36DB01DD1855C0032BCE6 /* ViewController.swift in Sources */ = {isa = PBXBuildFile; fileRef = EEF36DAF1DD1855C0032BCE6 /* ViewController.swift */; };
		EEF36DB31DD1855C0032BCE6 /* Main.storyboard in Resources */ = {isa = PBXBuildFile; fileRef = EEF36DB11DD1855C0032BCE6 /* Main.storyboard */; };
		EEF36DB51DD1855C0032BCE6 /* Assets.xcassets in Resources */ = {isa = PBXBuildFile; fileRef = EEF36DB41DD1855C0032BCE6 /* Assets.xcassets */; };
		EEF36DB81DD1855C0032BCE6 /* LaunchScreen.storyboard in Resources */ = {isa = PBXBuildFile; fileRef = EEF36DB61DD1855C0032BCE6 /* LaunchScreen.storyboard */; };
/* End PBXBuildFile section */

/* Begin PBXFileReference section */
		5C001BAC33DBDD6EC59B8BF0 /* Pods-Bravo.release.xcconfig */ = {isa = PBXFileReference; includeInIndex = 1; lastKnownFileType = text.xcconfig; name = "Pods-Bravo.release.xcconfig"; path = "Pods/Target Support Files/Pods-Bravo/Pods-Bravo.release.xcconfig"; sourceTree = "<group>"; };
		64DBDF3A1DD7B7CD00D1D378 /* TeamSelectionViewController.swift */ = {isa = PBXFileReference; fileEncoding = 4; lastKnownFileType = sourcecode.swift; path = TeamSelectionViewController.swift; sourceTree = "<group>"; };
		64DBDF3C1DD7B8A100D1D378 /* TeamCreationViewController.swift */ = {isa = PBXFileReference; fileEncoding = 4; lastKnownFileType = sourcecode.swift; path = TeamCreationViewController.swift; sourceTree = "<group>"; };
		64DBDF3E1DD7B91800D1D378 /* TeamSearchViewController.swift */ = {isa = PBXFileReference; fileEncoding = 4; lastKnownFileType = sourcecode.swift; path = TeamSearchViewController.swift; sourceTree = "<group>"; };
		64FE56C61DD7BFA60099562D /* TeamCreation.storyboard */ = {isa = PBXFileReference; fileEncoding = 4; lastKnownFileType = file.storyboard; path = TeamCreation.storyboard; sourceTree = "<group>"; };
		65DCB59DBA5A01084E428B26 /* Pods_Bravo.framework */ = {isa = PBXFileReference; explicitFileType = wrapper.framework; includeInIndex = 0; path = Pods_Bravo.framework; sourceTree = BUILT_PRODUCTS_DIR; };
		8ED0C7624F7A3D46DF148406 /* Pods-Bravo.debug.xcconfig */ = {isa = PBXFileReference; includeInIndex = 1; lastKnownFileType = text.xcconfig; name = "Pods-Bravo.debug.xcconfig"; path = "Pods/Target Support Files/Pods-Bravo/Pods-Bravo.debug.xcconfig"; sourceTree = "<group>"; };
		E1AE75A31DD7C7120060FE6D /* SignUpViewController.swift */ = {isa = PBXFileReference; fileEncoding = 4; lastKnownFileType = sourcecode.swift; path = SignUpViewController.swift; sourceTree = "<group>"; };
		EE2D5B441DD7AC9500622176 /* Bravo.entitlements */ = {isa = PBXFileReference; lastKnownFileType = text.plist.entitlements; path = Bravo.entitlements; sourceTree = "<group>"; };
		EE31211E1DD7D5ED00665F4C /* User.swift */ = {isa = PBXFileReference; fileEncoding = 4; lastKnownFileType = sourcecode.swift; path = User.swift; sourceTree = "<group>"; };
		EEF36DAA1DD1855C0032BCE6 /* Bravo.app */ = {isa = PBXFileReference; explicitFileType = wrapper.application; includeInIndex = 0; path = Bravo.app; sourceTree = BUILT_PRODUCTS_DIR; };
		EEF36DAD1DD1855C0032BCE6 /* AppDelegate.swift */ = {isa = PBXFileReference; lastKnownFileType = sourcecode.swift; path = AppDelegate.swift; sourceTree = "<group>"; };
		EEF36DAF1DD1855C0032BCE6 /* ViewController.swift */ = {isa = PBXFileReference; lastKnownFileType = sourcecode.swift; path = ViewController.swift; sourceTree = "<group>"; };
		EEF36DB21DD1855C0032BCE6 /* Base */ = {isa = PBXFileReference; lastKnownFileType = file.storyboard; name = Base; path = Base.lproj/Main.storyboard; sourceTree = "<group>"; };
		EEF36DB41DD1855C0032BCE6 /* Assets.xcassets */ = {isa = PBXFileReference; lastKnownFileType = folder.assetcatalog; path = Assets.xcassets; sourceTree = "<group>"; };
		EEF36DB71DD1855C0032BCE6 /* Base */ = {isa = PBXFileReference; lastKnownFileType = file.storyboard; name = Base; path = Base.lproj/LaunchScreen.storyboard; sourceTree = "<group>"; };
		EEF36DB91DD1855C0032BCE6 /* Info.plist */ = {isa = PBXFileReference; lastKnownFileType = text.plist.xml; path = Info.plist; sourceTree = "<group>"; };
/* End PBXFileReference section */

/* Begin PBXFrameworksBuildPhase section */
		EEF36DA71DD1855C0032BCE6 /* Frameworks */ = {
			isa = PBXFrameworksBuildPhase;
			buildActionMask = 2147483647;
			files = (
				3BF61A3DAC150439163342B9 /* Pods_Bravo.framework in Frameworks */,
			);
			runOnlyForDeploymentPostprocessing = 0;
		};
/* End PBXFrameworksBuildPhase section */

/* Begin PBXGroup section */
		35295E083523326B271DEAEB /* Frameworks */ = {
			isa = PBXGroup;
			children = (
				65DCB59DBA5A01084E428B26 /* Pods_Bravo.framework */,
			);
			name = Frameworks;
			sourceTree = "<group>";
		};
		641B235F1DD7B6B600D3BC14 /* View Controllers */ = {
			isa = PBXGroup;
			children = (
				EEF36DAF1DD1855C0032BCE6 /* ViewController.swift */,
				64DBDF3A1DD7B7CD00D1D378 /* TeamSelectionViewController.swift */,
				64DBDF3C1DD7B8A100D1D378 /* TeamCreationViewController.swift */,
				64DBDF3E1DD7B91800D1D378 /* TeamSearchViewController.swift */,
				E1AE75A31DD7C7120060FE6D /* SignUpViewController.swift */,
			);
			name = "View Controllers";
			sourceTree = "<group>";
		};
		64FE56C51DD7BF840099562D /* Storyboards */ = {
			isa = PBXGroup;
			children = (
				64FE56C61DD7BFA60099562D /* TeamCreation.storyboard */,
				EEF36DB11DD1855C0032BCE6 /* Main.storyboard */,
			);
			name = Storyboards;
			sourceTree = "<group>";
		};
		7C17C0AE10C0E1A673D26383 /* Pods */ = {
			isa = PBXGroup;
			children = (
				8ED0C7624F7A3D46DF148406 /* Pods-Bravo.debug.xcconfig */,
				5C001BAC33DBDD6EC59B8BF0 /* Pods-Bravo.release.xcconfig */,
			);
			name = Pods;
			sourceTree = "<group>";
		};
		EE2D5B451DD7AD4900622176 /* Models */ = {
			isa = PBXGroup;
			children = (
				EE31211E1DD7D5ED00665F4C /* User.swift */,
			);
			name = Models;
			sourceTree = "<group>";
		};
		EEF36DA11DD1855B0032BCE6 = {
			isa = PBXGroup;
			children = (
				EEF36DAC1DD1855C0032BCE6 /* Bravo */,
				EEF36DAB1DD1855C0032BCE6 /* Products */,
				7C17C0AE10C0E1A673D26383 /* Pods */,
				35295E083523326B271DEAEB /* Frameworks */,
			);
			sourceTree = "<group>";
		};
		EEF36DAB1DD1855C0032BCE6 /* Products */ = {
			isa = PBXGroup;
			children = (
				EEF36DAA1DD1855C0032BCE6 /* Bravo.app */,
			);
			name = Products;
			sourceTree = "<group>";
		};
		EEF36DAC1DD1855C0032BCE6 /* Bravo */ = {
			isa = PBXGroup;
			children = (
				64FE56C51DD7BF840099562D /* Storyboards */,
				641B235F1DD7B6B600D3BC14 /* View Controllers */,
				EE2D5B451DD7AD4900622176 /* Models */,
				EE2D5B441DD7AC9500622176 /* Bravo.entitlements */,
				EEF36DAD1DD1855C0032BCE6 /* AppDelegate.swift */,
				EEF36DB41DD1855C0032BCE6 /* Assets.xcassets */,
				EEF36DB61DD1855C0032BCE6 /* LaunchScreen.storyboard */,
				EEF36DB91DD1855C0032BCE6 /* Info.plist */,
			);
			path = Bravo;
			sourceTree = "<group>";
		};
/* End PBXGroup section */

/* Begin PBXNativeTarget section */
		EEF36DA91DD1855C0032BCE6 /* Bravo */ = {
			isa = PBXNativeTarget;
			buildConfigurationList = EEF36DBC1DD1855C0032BCE6 /* Build configuration list for PBXNativeTarget "Bravo" */;
			buildPhases = (
				7FF3E460F0238CF14C5E3546 /* [CP] Check Pods Manifest.lock */,
				EEF36DA61DD1855C0032BCE6 /* Sources */,
				EEF36DA71DD1855C0032BCE6 /* Frameworks */,
				EEF36DA81DD1855C0032BCE6 /* Resources */,
				BFC0D943BE9DDF697DC3F155 /* [CP] Embed Pods Frameworks */,
				8230B94C3CECF5E9DABBB455 /* [CP] Copy Pods Resources */,
			);
			buildRules = (
			);
			dependencies = (
			);
			name = Bravo;
			productName = Bravo;
			productReference = EEF36DAA1DD1855C0032BCE6 /* Bravo.app */;
			productType = "com.apple.product-type.application";
		};
/* End PBXNativeTarget section */

/* Begin PBXProject section */
		EEF36DA21DD1855B0032BCE6 /* Project object */ = {
			isa = PBXProject;
			attributes = {
				LastSwiftUpdateCheck = 0800;
				LastUpgradeCheck = 0800;
				ORGANIZATIONNAME = BravoInc;
				TargetAttributes = {
					EEF36DA91DD1855C0032BCE6 = {
						CreatedOnToolsVersion = 8.0;
						DevelopmentTeam = SDLRJDJ3R5;
						ProvisioningStyle = Automatic;
						SystemCapabilities = {
							com.apple.Keychain = {
								enabled = 1;
							};
						};
					};
				};
			};
			buildConfigurationList = EEF36DA51DD1855B0032BCE6 /* Build configuration list for PBXProject "Bravo" */;
			compatibilityVersion = "Xcode 3.2";
			developmentRegion = English;
			hasScannedForEncodings = 0;
			knownRegions = (
				en,
				Base,
			);
			mainGroup = EEF36DA11DD1855B0032BCE6;
			productRefGroup = EEF36DAB1DD1855C0032BCE6 /* Products */;
			projectDirPath = "";
			projectRoot = "";
			targets = (
				EEF36DA91DD1855C0032BCE6 /* Bravo */,
			);
		};
/* End PBXProject section */

/* Begin PBXResourcesBuildPhase section */
		EEF36DA81DD1855C0032BCE6 /* Resources */ = {
			isa = PBXResourcesBuildPhase;
			buildActionMask = 2147483647;
			files = (
				EEF36DB81DD1855C0032BCE6 /* LaunchScreen.storyboard in Resources */,
				EEF36DB51DD1855C0032BCE6 /* Assets.xcassets in Resources */,
				64FE56C71DD7BFA60099562D /* TeamCreation.storyboard in Resources */,
				EEF36DB31DD1855C0032BCE6 /* Main.storyboard in Resources */,
			);
			runOnlyForDeploymentPostprocessing = 0;
		};
/* End PBXResourcesBuildPhase section */

/* Begin PBXShellScriptBuildPhase section */
		7FF3E460F0238CF14C5E3546 /* [CP] Check Pods Manifest.lock */ = {
			isa = PBXShellScriptBuildPhase;
			buildActionMask = 2147483647;
			files = (
			);
			inputPaths = (
			);
			name = "[CP] Check Pods Manifest.lock";
			outputPaths = (
			);
			runOnlyForDeploymentPostprocessing = 0;
			shellPath = /bin/sh;
			shellScript = "diff \"${PODS_ROOT}/../Podfile.lock\" \"${PODS_ROOT}/Manifest.lock\" > /dev/null\nif [ $? != 0 ] ; then\n    # print error to STDERR\n    echo \"error: The sandbox is not in sync with the Podfile.lock. Run 'pod install' or update your CocoaPods installation.\" >&2\n    exit 1\nfi\n";
			showEnvVarsInLog = 0;
		};
		8230B94C3CECF5E9DABBB455 /* [CP] Copy Pods Resources */ = {
			isa = PBXShellScriptBuildPhase;
			buildActionMask = 2147483647;
			files = (
			);
			inputPaths = (
			);
			name = "[CP] Copy Pods Resources";
			outputPaths = (
			);
			runOnlyForDeploymentPostprocessing = 0;
			shellPath = /bin/sh;
			shellScript = "\"${SRCROOT}/Pods/Target Support Files/Pods-Bravo/Pods-Bravo-resources.sh\"\n";
			showEnvVarsInLog = 0;
		};
		BFC0D943BE9DDF697DC3F155 /* [CP] Embed Pods Frameworks */ = {
			isa = PBXShellScriptBuildPhase;
			buildActionMask = 2147483647;
			files = (
			);
			inputPaths = (
			);
			name = "[CP] Embed Pods Frameworks";
			outputPaths = (
			);
			runOnlyForDeploymentPostprocessing = 0;
			shellPath = /bin/sh;
			shellScript = "\"${SRCROOT}/Pods/Target Support Files/Pods-Bravo/Pods-Bravo-frameworks.sh\"\n";
			showEnvVarsInLog = 0;
		};
/* End PBXShellScriptBuildPhase section */

/* Begin PBXSourcesBuildPhase section */
		EEF36DA61DD1855C0032BCE6 /* Sources */ = {
			isa = PBXSourcesBuildPhase;
			buildActionMask = 2147483647;
			files = (
				E1AE75A41DD7C7120060FE6D /* SignUpViewController.swift in Sources */,
				64DBDF3D1DD7B8A100D1D378 /* TeamCreationViewController.swift in Sources */,
				EEF36DB01DD1855C0032BCE6 /* ViewController.swift in Sources */,
				EEF36DAE1DD1855C0032BCE6 /* AppDelegate.swift in Sources */,
				64DBDF3F1DD7B91800D1D378 /* TeamSearchViewController.swift in Sources */,
				64DBDF3B1DD7B7CD00D1D378 /* TeamSelectionViewController.swift in Sources */,
				EE31211F1DD7D5ED00665F4C /* User.swift in Sources */,
			);
			runOnlyForDeploymentPostprocessing = 0;
		};
/* End PBXSourcesBuildPhase section */

/* Begin PBXVariantGroup section */
		EEF36DB11DD1855C0032BCE6 /* Main.storyboard */ = {
			isa = PBXVariantGroup;
			children = (
				EEF36DB21DD1855C0032BCE6 /* Base */,
			);
			name = Main.storyboard;
			sourceTree = "<group>";
		};
		EEF36DB61DD1855C0032BCE6 /* LaunchScreen.storyboard */ = {
			isa = PBXVariantGroup;
			children = (
				EEF36DB71DD1855C0032BCE6 /* Base */,
			);
			name = LaunchScreen.storyboard;
			sourceTree = "<group>";
		};
/* End PBXVariantGroup section */

/* Begin XCBuildConfiguration section */
		EEF36DBA1DD1855C0032BCE6 /* Debug */ = {
			isa = XCBuildConfiguration;
			buildSettings = {
				ALWAYS_SEARCH_USER_PATHS = NO;
				CLANG_ANALYZER_NONNULL = YES;
				CLANG_CXX_LANGUAGE_STANDARD = "gnu++0x";
				CLANG_CXX_LIBRARY = "libc++";
				CLANG_ENABLE_MODULES = YES;
				CLANG_ENABLE_OBJC_ARC = YES;
				CLANG_WARN_BOOL_CONVERSION = YES;
				CLANG_WARN_CONSTANT_CONVERSION = YES;
				CLANG_WARN_DIRECT_OBJC_ISA_USAGE = YES_ERROR;
				CLANG_WARN_DOCUMENTATION_COMMENTS = YES;
				CLANG_WARN_EMPTY_BODY = YES;
				CLANG_WARN_ENUM_CONVERSION = YES;
				CLANG_WARN_INFINITE_RECURSION = YES;
				CLANG_WARN_INT_CONVERSION = YES;
				CLANG_WARN_OBJC_ROOT_CLASS = YES_ERROR;
				CLANG_WARN_SUSPICIOUS_MOVES = YES;
				CLANG_WARN_UNREACHABLE_CODE = YES;
				CLANG_WARN__DUPLICATE_METHOD_MATCH = YES;
				"CODE_SIGN_IDENTITY[sdk=iphoneos*]" = "iPhone Developer";
				COPY_PHASE_STRIP = NO;
				DEBUG_INFORMATION_FORMAT = dwarf;
				ENABLE_STRICT_OBJC_MSGSEND = YES;
				ENABLE_TESTABILITY = YES;
				GCC_C_LANGUAGE_STANDARD = gnu99;
				GCC_DYNAMIC_NO_PIC = NO;
				GCC_NO_COMMON_BLOCKS = YES;
				GCC_OPTIMIZATION_LEVEL = 0;
				GCC_PREPROCESSOR_DEFINITIONS = (
					"DEBUG=1",
					"$(inherited)",
				);
				GCC_WARN_64_TO_32_BIT_CONVERSION = YES;
				GCC_WARN_ABOUT_RETURN_TYPE = YES_ERROR;
				GCC_WARN_UNDECLARED_SELECTOR = YES;
				GCC_WARN_UNINITIALIZED_AUTOS = YES_AGGRESSIVE;
				GCC_WARN_UNUSED_FUNCTION = YES;
				GCC_WARN_UNUSED_VARIABLE = YES;
				IPHONEOS_DEPLOYMENT_TARGET = 10.0;
				MTL_ENABLE_DEBUG_INFO = YES;
				ONLY_ACTIVE_ARCH = YES;
				SDKROOT = iphoneos;
				SWIFT_ACTIVE_COMPILATION_CONDITIONS = DEBUG;
				SWIFT_OPTIMIZATION_LEVEL = "-Onone";
			};
			name = Debug;
		};
		EEF36DBB1DD1855C0032BCE6 /* Release */ = {
			isa = XCBuildConfiguration;
			buildSettings = {
				ALWAYS_SEARCH_USER_PATHS = NO;
				CLANG_ANALYZER_NONNULL = YES;
				CLANG_CXX_LANGUAGE_STANDARD = "gnu++0x";
				CLANG_CXX_LIBRARY = "libc++";
				CLANG_ENABLE_MODULES = YES;
				CLANG_ENABLE_OBJC_ARC = YES;
				CLANG_WARN_BOOL_CONVERSION = YES;
				CLANG_WARN_CONSTANT_CONVERSION = YES;
				CLANG_WARN_DIRECT_OBJC_ISA_USAGE = YES_ERROR;
				CLANG_WARN_DOCUMENTATION_COMMENTS = YES;
				CLANG_WARN_EMPTY_BODY = YES;
				CLANG_WARN_ENUM_CONVERSION = YES;
				CLANG_WARN_INFINITE_RECURSION = YES;
				CLANG_WARN_INT_CONVERSION = YES;
				CLANG_WARN_OBJC_ROOT_CLASS = YES_ERROR;
				CLANG_WARN_SUSPICIOUS_MOVES = YES;
				CLANG_WARN_UNREACHABLE_CODE = YES;
				CLANG_WARN__DUPLICATE_METHOD_MATCH = YES;
				"CODE_SIGN_IDENTITY[sdk=iphoneos*]" = "iPhone Developer";
				COPY_PHASE_STRIP = NO;
				DEBUG_INFORMATION_FORMAT = "dwarf-with-dsym";
				ENABLE_NS_ASSERTIONS = NO;
				ENABLE_STRICT_OBJC_MSGSEND = YES;
				GCC_C_LANGUAGE_STANDARD = gnu99;
				GCC_NO_COMMON_BLOCKS = YES;
				GCC_WARN_64_TO_32_BIT_CONVERSION = YES;
				GCC_WARN_ABOUT_RETURN_TYPE = YES_ERROR;
				GCC_WARN_UNDECLARED_SELECTOR = YES;
				GCC_WARN_UNINITIALIZED_AUTOS = YES_AGGRESSIVE;
				GCC_WARN_UNUSED_FUNCTION = YES;
				GCC_WARN_UNUSED_VARIABLE = YES;
				IPHONEOS_DEPLOYMENT_TARGET = 10.0;
				MTL_ENABLE_DEBUG_INFO = NO;
				SDKROOT = iphoneos;
				SWIFT_OPTIMIZATION_LEVEL = "-Owholemodule";
				VALIDATE_PRODUCT = YES;
			};
			name = Release;
		};
		EEF36DBD1DD1855C0032BCE6 /* Debug */ = {
			isa = XCBuildConfiguration;
			baseConfigurationReference = 8ED0C7624F7A3D46DF148406 /* Pods-Bravo.debug.xcconfig */;
			buildSettings = {
				ASSETCATALOG_COMPILER_APPICON_NAME = AppIcon;
				CODE_SIGN_ENTITLEMENTS = Bravo/Bravo.entitlements;
				DEBUG_ACTIVITY_MODE = "";
				"DEBUG_ACTIVITY_MODE[sdk=iphonesimulator*]" = disable;
				DEVELOPMENT_TEAM = SDLRJDJ3R5;
				INFOPLIST_FILE = Bravo/Info.plist;
				LD_RUNPATH_SEARCH_PATHS = "$(inherited) @executable_path/Frameworks";
				PRODUCT_BUNDLE_IDENTIFIER = com.bravoinc.Bravo;
				PRODUCT_NAME = "$(TARGET_NAME)";
				SWIFT_VERSION = 3.0;
			};
			name = Debug;
		};
		EEF36DBE1DD1855C0032BCE6 /* Release */ = {
			isa = XCBuildConfiguration;
			baseConfigurationReference = 5C001BAC33DBDD6EC59B8BF0 /* Pods-Bravo.release.xcconfig */;
			buildSettings = {
				ASSETCATALOG_COMPILER_APPICON_NAME = AppIcon;
				CODE_SIGN_ENTITLEMENTS = Bravo/Bravo.entitlements;
				DEBUG_ACTIVITY_MODE = "";
				DEVELOPMENT_TEAM = SDLRJDJ3R5;
				INFOPLIST_FILE = Bravo/Info.plist;
				LD_RUNPATH_SEARCH_PATHS = "$(inherited) @executable_path/Frameworks";
				PRODUCT_BUNDLE_IDENTIFIER = com.bravoinc.Bravo;
				PRODUCT_NAME = "$(TARGET_NAME)";
				SWIFT_VERSION = 3.0;
			};
			name = Release;
		};
/* End XCBuildConfiguration section */

/* Begin XCConfigurationList section */
		EEF36DA51DD1855B0032BCE6 /* Build configuration list for PBXProject "Bravo" */ = {
			isa = XCConfigurationList;
			buildConfigurations = (
				EEF36DBA1DD1855C0032BCE6 /* Debug */,
				EEF36DBB1DD1855C0032BCE6 /* Release */,
			);
			defaultConfigurationIsVisible = 0;
			defaultConfigurationName = Release;
		};
		EEF36DBC1DD1855C0032BCE6 /* Build configuration list for PBXNativeTarget "Bravo" */ = {
			isa = XCConfigurationList;
			buildConfigurations = (
				EEF36DBD1DD1855C0032BCE6 /* Debug */,
				EEF36DBE1DD1855C0032BCE6 /* Release */,
			);
			defaultConfigurationIsVisible = 0;
			defaultConfigurationName = Release;
		};
/* End XCConfigurationList section */
	};
	rootObject = EEF36DA21DD1855B0032BCE6 /* Project object */;
}
