// !$*UTF8*$!
{
	archiveVersion = 1;
	classes = {
	};
	objectVersion = 46;
	objects = {

/* Begin PBXBuildFile section */
		3BF61A3DAC150439163342B9 /* Pods_Bravo.framework in Frameworks */ = {isa = PBXBuildFile; fileRef = 65DCB59DBA5A01084E428B26 /* Pods_Bravo.framework */; };
		64344D2C1DED3414006951D0 /* UserSkillPoints.swift in Sources */ = {isa = PBXBuildFile; fileRef = 64344D2B1DED3414006951D0 /* UserSkillPoints.swift */; };
		6441267D1DE80D7D0060FBED /* Activity.storyboard in Resources */ = {isa = PBXBuildFile; fileRef = 6441267C1DE80D7D0060FBED /* Activity.storyboard */; };
		6441267F1DE80E930060FBED /* TimelineViewController.swift in Sources */ = {isa = PBXBuildFile; fileRef = 6441267E1DE80E930060FBED /* TimelineViewController.swift */; };
		644126811DE80F0F0060FBED /* TeamViewController.swift in Sources */ = {isa = PBXBuildFile; fileRef = 644126801DE80F0F0060FBED /* TeamViewController.swift */; };
		644126831DE80F4F0060FBED /* LeaderboardViewController.swift in Sources */ = {isa = PBXBuildFile; fileRef = 644126821DE80F4F0060FBED /* LeaderboardViewController.swift */; };
		644126851DE80F7B0060FBED /* ProfileViewController.swift in Sources */ = {isa = PBXBuildFile; fileRef = 644126841DE80F7B0060FBED /* ProfileViewController.swift */; };
		644126881DE822FC0060FBED /* PostCell.swift in Sources */ = {isa = PBXBuildFile; fileRef = 644126861DE822FB0060FBED /* PostCell.swift */; };
		644126891DE822FC0060FBED /* PostCell.xib in Resources */ = {isa = PBXBuildFile; fileRef = 644126871DE822FC0060FBED /* PostCell.xib */; };
		6441268B1DEAB1F60060FBED /* CommentsViewController.swift in Sources */ = {isa = PBXBuildFile; fileRef = 6441268A1DEAB1F60060FBED /* CommentsViewController.swift */; };
		6441268D1DEAC5EB0060FBED /* PostComposeViewController.swift in Sources */ = {isa = PBXBuildFile; fileRef = 6441268C1DEAC5EB0060FBED /* PostComposeViewController.swift */; };
		6441268F1DEB8B1E0060FBED /* SelectionViewController.swift in Sources */ = {isa = PBXBuildFile; fileRef = 6441268E1DEB8B1E0060FBED /* SelectionViewController.swift */; };
		644126911DEBA7EA0060FBED /* TeamDetailViewController.swift in Sources */ = {isa = PBXBuildFile; fileRef = 644126901DEBA7EA0060FBED /* TeamDetailViewController.swift */; };
		644126941DEBAA1F0060FBED /* UserCell.swift in Sources */ = {isa = PBXBuildFile; fileRef = 644126921DEBAA1F0060FBED /* UserCell.swift */; };
		644126951DEBAA1F0060FBED /* UserCell.xib in Resources */ = {isa = PBXBuildFile; fileRef = 644126931DEBAA1F0060FBED /* UserCell.xib */; };
		6452509D1DF29A7200DD1384 /* AvenirLTStd-Book.otf in Resources */ = {isa = PBXBuildFile; fileRef = 6452509A1DF29A7200DD1384 /* AvenirLTStd-Book.otf */; };
		6452509E1DF29A7200DD1384 /* AvenirLTStd-Light.otf in Resources */ = {isa = PBXBuildFile; fileRef = 6452509B1DF29A7200DD1384 /* AvenirLTStd-Light.otf */; };
		6452509F1DF29A7200DD1384 /* AvenirLTStd-Roman.otf in Resources */ = {isa = PBXBuildFile; fileRef = 6452509C1DF29A7200DD1384 /* AvenirLTStd-Roman.otf */; };
		649D49571DF3AA0B00958954 /* PostLikes.swift in Sources */ = {isa = PBXBuildFile; fileRef = 649D49561DF3AA0B00958954 /* PostLikes.swift */; };
		649E112D1DDAAA8C00B5D2FD /* RewardCell.swift in Sources */ = {isa = PBXBuildFile; fileRef = 649E112B1DDAAA8C00B5D2FD /* RewardCell.swift */; };
		649E112E1DDAAA8C00B5D2FD /* RewardCell.xib in Resources */ = {isa = PBXBuildFile; fileRef = 649E112C1DDAAA8C00B5D2FD /* RewardCell.xib */; };
		649E11331DDAAB2400B5D2FD /* MoreRewardsCell.swift in Sources */ = {isa = PBXBuildFile; fileRef = 649E11311DDAAB2400B5D2FD /* MoreRewardsCell.swift */; };
		649E11341DDAAB2400B5D2FD /* MoreRewardsCell.xib in Resources */ = {isa = PBXBuildFile; fileRef = 649E11321DDAAB2400B5D2FD /* MoreRewardsCell.xib */; };
		64A3A9C71DEDFCA700E29D9D /* CommentCell.swift in Sources */ = {isa = PBXBuildFile; fileRef = 64A3A9C51DEDFCA700E29D9D /* CommentCell.swift */; };
		64A3A9C81DEDFCA700E29D9D /* CommentCell.xib in Resources */ = {isa = PBXBuildFile; fileRef = 64A3A9C61DEDFCA700E29D9D /* CommentCell.xib */; };
		64A3A9CE1DEE77A100E29D9D /* CommentHeaderView.xib in Resources */ = {isa = PBXBuildFile; fileRef = 64A3A9CD1DEE77A100E29D9D /* CommentHeaderView.xib */; };
		64A3A9D01DEE7BD700E29D9D /* CommentHeaderView.swift in Sources */ = {isa = PBXBuildFile; fileRef = 64A3A9CF1DEE7BD700E29D9D /* CommentHeaderView.swift */; };
		64A3A9D31DEED19100E29D9D /* LeaderCell.swift in Sources */ = {isa = PBXBuildFile; fileRef = 64A3A9D11DEED19100E29D9D /* LeaderCell.swift */; };
		64A3A9D41DEED19100E29D9D /* LeaderCell.xib in Resources */ = {isa = PBXBuildFile; fileRef = 64A3A9D21DEED19100E29D9D /* LeaderCell.xib */; };
		64A3A9D71DF0498000E29D9D /* Common.swift in Sources */ = {isa = PBXBuildFile; fileRef = 64A3A9D61DF0498000E29D9D /* Common.swift */; };
		64A3A9D91DF14A0400E29D9D /* Constants.swift in Sources */ = {isa = PBXBuildFile; fileRef = 64A3A9D81DF14A0400E29D9D /* Constants.swift */; };
		64A3A9DC1DF2290C00E29D9D /* RedeemViewController.swift in Sources */ = {isa = PBXBuildFile; fileRef = 64A3A9DB1DF2290C00E29D9D /* RedeemViewController.swift */; };
		64D507A31DE4238800C708BD /* Comment.swift in Sources */ = {isa = PBXBuildFile; fileRef = 64D507A21DE4238800C708BD /* Comment.swift */; };
		64D507A51DE423A300C708BD /* Post.swift in Sources */ = {isa = PBXBuildFile; fileRef = 64D507A41DE423A300C708BD /* Post.swift */; };
		64D507A71DE4240700C708BD /* Skills.swift in Sources */ = {isa = PBXBuildFile; fileRef = 64D507A61DE4240700C708BD /* Skills.swift */; };
		64D507A91DE4244000C708BD /* UserPoints.swift in Sources */ = {isa = PBXBuildFile; fileRef = 64D507A81DE4244000C708BD /* UserPoints.swift */; };
		64D507AB1DE4245200C708BD /* SkillPoints.swift in Sources */ = {isa = PBXBuildFile; fileRef = 64D507AA1DE4245200C708BD /* SkillPoints.swift */; };
		64DBDF3B1DD7B7CD00D1D378 /* TeamConfigurationViewController.swift in Sources */ = {isa = PBXBuildFile; fileRef = 64DBDF3A1DD7B7CD00D1D378 /* TeamConfigurationViewController.swift */; };
		64DBDF3D1DD7B8A100D1D378 /* TeamCreationViewController.swift in Sources */ = {isa = PBXBuildFile; fileRef = 64DBDF3C1DD7B8A100D1D378 /* TeamCreationViewController.swift */; };
		64EDF6801DD83FBE0071A731 /* TeamCell.swift in Sources */ = {isa = PBXBuildFile; fileRef = 64EDF67E1DD83FBE0071A731 /* TeamCell.swift */; };
		64EDF6811DD83FBE0071A731 /* TeamCell.xib in Resources */ = {isa = PBXBuildFile; fileRef = 64EDF67F1DD83FBE0071A731 /* TeamCell.xib */; };
		64EDF6831DD948F00071A731 /* RewardsViewController.swift in Sources */ = {isa = PBXBuildFile; fileRef = 64EDF6821DD948F00071A731 /* RewardsViewController.swift */; };
		64EDF6851DD9497C0071A731 /* RewardCreationViewController.swift in Sources */ = {isa = PBXBuildFile; fileRef = 64EDF6841DD9497C0071A731 /* RewardCreationViewController.swift */; };
		64FE56C71DD7BFA60099562D /* TeamCreation.storyboard in Resources */ = {isa = PBXBuildFile; fileRef = 64FE56C61DD7BFA60099562D /* TeamCreation.storyboard */; };
		E13696091DE9411D00D51FE0 /* background.png in Resources */ = {isa = PBXBuildFile; fileRef = E13696081DE9411D00D51FE0 /* background.png */; };
		E136960C1DE9420400D51FE0 /* Montserrat-Bold.ttf in Resources */ = {isa = PBXBuildFile; fileRef = E136960A1DE9420400D51FE0 /* Montserrat-Bold.ttf */; };
		E136960D1DE9420400D51FE0 /* Montserrat-Regular.ttf in Resources */ = {isa = PBXBuildFile; fileRef = E136960B1DE9420400D51FE0 /* Montserrat-Regular.ttf */; };
		E136960F1DE9467800D51FE0 /* logo.png in Resources */ = {isa = PBXBuildFile; fileRef = E136960E1DE9467800D51FE0 /* logo.png */; };
		E1574DAC1DED06AC007AC27A /* backArrow128white.png in Resources */ = {isa = PBXBuildFile; fileRef = E1574DAB1DED06AC007AC27A /* backArrow128white.png */; };
		E1574DAE1DED3457007AC27A /* NameViewController.swift in Sources */ = {isa = PBXBuildFile; fileRef = E1574DAD1DED3457007AC27A /* NameViewController.swift */; };
		E185EA541DF510C5006FAE29 /* check128darkGray.png in Resources */ = {isa = PBXBuildFile; fileRef = E185EA4E1DF510C5006FAE29 /* check128darkGray.png */; };
		E185EA551DF510C5006FAE29 /* check128extraLightGray.png in Resources */ = {isa = PBXBuildFile; fileRef = E185EA4F1DF510C5006FAE29 /* check128extraLightGray.png */; };
		E185EA561DF510C5006FAE29 /* check128gray888.png in Resources */ = {isa = PBXBuildFile; fileRef = E185EA501DF510C5006FAE29 /* check128gray888.png */; };
		E185EA571DF510C5006FAE29 /* check128lightGray.png in Resources */ = {isa = PBXBuildFile; fileRef = E185EA511DF510C5006FAE29 /* check128lightGray.png */; };
		E185EA581DF510C5006FAE29 /* check128white.png in Resources */ = {isa = PBXBuildFile; fileRef = E185EA521DF510C5006FAE29 /* check128white.png */; };
		E185EA591DF510C5006FAE29 /* check128green.png in Resources */ = {isa = PBXBuildFile; fileRef = E185EA531DF510C5006FAE29 /* check128green.png */; };
		E192BA401DF242F500BE57D2 /* SignUpEmailViewController.swift in Sources */ = {isa = PBXBuildFile; fileRef = E192BA3F1DF242F500BE57D2 /* SignUpEmailViewController.swift */; };
		E192BA421DF2492500BE57D2 /* SignUpPasswordViewController.swift in Sources */ = {isa = PBXBuildFile; fileRef = E192BA411DF2492500BE57D2 /* SignUpPasswordViewController.swift */; };
		E192BA441DF24B4400BE57D2 /* SignUpPhotoViewController.swift in Sources */ = {isa = PBXBuildFile; fileRef = E192BA431DF24B4400BE57D2 /* SignUpPhotoViewController.swift */; };
		E192BA461DF24DAB00BE57D2 /* LoginViewController.swift in Sources */ = {isa = PBXBuildFile; fileRef = E192BA451DF24DAB00BE57D2 /* LoginViewController.swift */; };
		E192BA481DF344D700BE57D2 /* backArrow128gray888.png in Resources */ = {isa = PBXBuildFile; fileRef = E192BA471DF344D700BE57D2 /* backArrow128gray888.png */; };
		E192BA4A1DF3A34B00BE57D2 /* camera256.png in Resources */ = {isa = PBXBuildFile; fileRef = E192BA491DF3A34B00BE57D2 /* camera256.png */; };
		E192BA4C1DF3AFEE00BE57D2 /* photosLibrary256.png in Resources */ = {isa = PBXBuildFile; fileRef = E192BA4B1DF3AFEE00BE57D2 /* photosLibrary256.png */; };
		E19771281DF5439E0097997D /* TeamPhotoViewController.swift in Sources */ = {isa = PBXBuildFile; fileRef = E19771271DF5439E0097997D /* TeamPhotoViewController.swift */; };
		E198EE101DF4F5C6001B4833 /* rightArrow128green.png in Resources */ = {isa = PBXBuildFile; fileRef = E198EE0D1DF4F5C6001B4833 /* rightArrow128green.png */; };
		E198EE111DF4F5C6001B4833 /* rightArrow128White.png in Resources */ = {isa = PBXBuildFile; fileRef = E198EE0E1DF4F5C6001B4833 /* rightArrow128White.png */; };
		E198EE121DF4F5C6001B4833 /* rightArrow128LightGrayAAB8C2.png in Resources */ = {isa = PBXBuildFile; fileRef = E198EE0F1DF4F5C6001B4833 /* rightArrow128LightGrayAAB8C2.png */; };
		E1AE75A41DD7C7120060FE6D /* SignUpViewController.swift in Sources */ = {isa = PBXBuildFile; fileRef = E1AE75A31DD7C7120060FE6D /* SignUpViewController.swift */; };
		E1AE75A61DD7D2E20060FE6D /* InitialViewController.swift in Sources */ = {isa = PBXBuildFile; fileRef = E1AE75A51DD7D2E20060FE6D /* InitialViewController.swift */; };
		E1C2AE0F1DF5392300635DD2 /* add128green.png in Resources */ = {isa = PBXBuildFile; fileRef = E1C2AE0E1DF5392300635DD2 /* add128green.png */; };
		E1C2AE111DF53A1500635DD2 /* fatAdd128green.png in Resources */ = {isa = PBXBuildFile; fileRef = E1C2AE101DF53A1500635DD2 /* fatAdd128green.png */; };
		E1E462AD1DEBAB46003A0BCF /* TOSViewController.swift in Sources */ = {isa = PBXBuildFile; fileRef = E1E462AC1DEBAB46003A0BCF /* TOSViewController.swift */; };
		EE3121211DD7E6AA00665F4C /* BravoUser.swift in Sources */ = {isa = PBXBuildFile; fileRef = EE3121201DD7E6AA00665F4C /* BravoUser.swift */; };
		EE3121231DD939A900665F4C /* Team.swift in Sources */ = {isa = PBXBuildFile; fileRef = EE3121221DD939A900665F4C /* Team.swift */; };
		EE4B72D81DF5164600289F0E /* AddCommentCell.swift in Sources */ = {isa = PBXBuildFile; fileRef = EE4B72D61DF5164600289F0E /* AddCommentCell.swift */; };
		EE4B72D91DF5164600289F0E /* AddCommentCell.xib in Resources */ = {isa = PBXBuildFile; fileRef = EE4B72D71DF5164600289F0E /* AddCommentCell.xib */; };
		EE4FC8EA1DF23A3A0087D139 /* TeamAdditionalDetailsViewController.swift in Sources */ = {isa = PBXBuildFile; fileRef = EE4FC8E91DF23A3A0087D139 /* TeamAdditionalDetailsViewController.swift */; };
		EEBF12CA1DE2745000BCCA07 /* Reward.swift in Sources */ = {isa = PBXBuildFile; fileRef = EEBF12C91DE2745000BCCA07 /* Reward.swift */; };
		EEE19DE61DF1E04200703600 /* AddTeamCell.swift in Sources */ = {isa = PBXBuildFile; fileRef = EEE19DE41DF1E04200703600 /* AddTeamCell.swift */; };
		EEE19DE71DF1E04200703600 /* AddTeamCell.xib in Resources */ = {isa = PBXBuildFile; fileRef = EEE19DE51DF1E04200703600 /* AddTeamCell.xib */; };
		EEF36DAE1DD1855C0032BCE6 /* AppDelegate.swift in Sources */ = {isa = PBXBuildFile; fileRef = EEF36DAD1DD1855C0032BCE6 /* AppDelegate.swift */; };
		EEF36DB01DD1855C0032BCE6 /* ViewController.swift in Sources */ = {isa = PBXBuildFile; fileRef = EEF36DAF1DD1855C0032BCE6 /* ViewController.swift */; };
		EEF36DB31DD1855C0032BCE6 /* Main.storyboard in Resources */ = {isa = PBXBuildFile; fileRef = EEF36DB11DD1855C0032BCE6 /* Main.storyboard */; };
		EEF36DB51DD1855C0032BCE6 /* Assets.xcassets in Resources */ = {isa = PBXBuildFile; fileRef = EEF36DB41DD1855C0032BCE6 /* Assets.xcassets */; };
		EEF36DB81DD1855C0032BCE6 /* LaunchScreen.storyboard in Resources */ = {isa = PBXBuildFile; fileRef = EEF36DB61DD1855C0032BCE6 /* LaunchScreen.storyboard */; };
/* End PBXBuildFile section */

/* Begin PBXFileReference section */
		5C001BAC33DBDD6EC59B8BF0 /* Pods-Bravo.release.xcconfig */ = {isa = PBXFileReference; includeInIndex = 1; lastKnownFileType = text.xcconfig; name = "Pods-Bravo.release.xcconfig"; path = "Pods/Target Support Files/Pods-Bravo/Pods-Bravo.release.xcconfig"; sourceTree = "<group>"; };
		64344D2B1DED3414006951D0 /* UserSkillPoints.swift */ = {isa = PBXFileReference; fileEncoding = 4; lastKnownFileType = sourcecode.swift; path = UserSkillPoints.swift; sourceTree = "<group>"; };
		6441267C1DE80D7D0060FBED /* Activity.storyboard */ = {isa = PBXFileReference; fileEncoding = 4; lastKnownFileType = file.storyboard; path = Activity.storyboard; sourceTree = "<group>"; };
		6441267E1DE80E930060FBED /* TimelineViewController.swift */ = {isa = PBXFileReference; fileEncoding = 4; lastKnownFileType = sourcecode.swift; path = TimelineViewController.swift; sourceTree = "<group>"; };
		644126801DE80F0F0060FBED /* TeamViewController.swift */ = {isa = PBXFileReference; fileEncoding = 4; lastKnownFileType = sourcecode.swift; path = TeamViewController.swift; sourceTree = "<group>"; };
		644126821DE80F4F0060FBED /* LeaderboardViewController.swift */ = {isa = PBXFileReference; fileEncoding = 4; lastKnownFileType = sourcecode.swift; path = LeaderboardViewController.swift; sourceTree = "<group>"; };
		644126841DE80F7B0060FBED /* ProfileViewController.swift */ = {isa = PBXFileReference; fileEncoding = 4; lastKnownFileType = sourcecode.swift; path = ProfileViewController.swift; sourceTree = "<group>"; };
		644126861DE822FB0060FBED /* PostCell.swift */ = {isa = PBXFileReference; fileEncoding = 4; lastKnownFileType = sourcecode.swift; path = PostCell.swift; sourceTree = "<group>"; };
		644126871DE822FC0060FBED /* PostCell.xib */ = {isa = PBXFileReference; fileEncoding = 4; lastKnownFileType = file.xib; path = PostCell.xib; sourceTree = "<group>"; };
		6441268A1DEAB1F60060FBED /* CommentsViewController.swift */ = {isa = PBXFileReference; fileEncoding = 4; lastKnownFileType = sourcecode.swift; path = CommentsViewController.swift; sourceTree = "<group>"; };
		6441268C1DEAC5EB0060FBED /* PostComposeViewController.swift */ = {isa = PBXFileReference; fileEncoding = 4; lastKnownFileType = sourcecode.swift; path = PostComposeViewController.swift; sourceTree = "<group>"; };
		6441268E1DEB8B1E0060FBED /* SelectionViewController.swift */ = {isa = PBXFileReference; fileEncoding = 4; lastKnownFileType = sourcecode.swift; path = SelectionViewController.swift; sourceTree = "<group>"; };
		644126901DEBA7EA0060FBED /* TeamDetailViewController.swift */ = {isa = PBXFileReference; fileEncoding = 4; lastKnownFileType = sourcecode.swift; path = TeamDetailViewController.swift; sourceTree = "<group>"; };
		644126921DEBAA1F0060FBED /* UserCell.swift */ = {isa = PBXFileReference; fileEncoding = 4; lastKnownFileType = sourcecode.swift; path = UserCell.swift; sourceTree = "<group>"; };
		644126931DEBAA1F0060FBED /* UserCell.xib */ = {isa = PBXFileReference; fileEncoding = 4; lastKnownFileType = file.xib; path = UserCell.xib; sourceTree = "<group>"; };
		6452509A1DF29A7200DD1384 /* AvenirLTStd-Book.otf */ = {isa = PBXFileReference; lastKnownFileType = file; path = "AvenirLTStd-Book.otf"; sourceTree = "<group>"; };
		6452509B1DF29A7200DD1384 /* AvenirLTStd-Light.otf */ = {isa = PBXFileReference; lastKnownFileType = file; path = "AvenirLTStd-Light.otf"; sourceTree = "<group>"; };
		6452509C1DF29A7200DD1384 /* AvenirLTStd-Roman.otf */ = {isa = PBXFileReference; lastKnownFileType = file; path = "AvenirLTStd-Roman.otf"; sourceTree = "<group>"; };
		649D49561DF3AA0B00958954 /* PostLikes.swift */ = {isa = PBXFileReference; fileEncoding = 4; lastKnownFileType = sourcecode.swift; path = PostLikes.swift; sourceTree = "<group>"; };
		649E112B1DDAAA8C00B5D2FD /* RewardCell.swift */ = {isa = PBXFileReference; fileEncoding = 4; lastKnownFileType = sourcecode.swift; path = RewardCell.swift; sourceTree = "<group>"; };
		649E112C1DDAAA8C00B5D2FD /* RewardCell.xib */ = {isa = PBXFileReference; fileEncoding = 4; lastKnownFileType = file.xib; path = RewardCell.xib; sourceTree = "<group>"; };
		649E11311DDAAB2400B5D2FD /* MoreRewardsCell.swift */ = {isa = PBXFileReference; fileEncoding = 4; lastKnownFileType = sourcecode.swift; path = MoreRewardsCell.swift; sourceTree = "<group>"; };
		649E11321DDAAB2400B5D2FD /* MoreRewardsCell.xib */ = {isa = PBXFileReference; fileEncoding = 4; lastKnownFileType = file.xib; path = MoreRewardsCell.xib; sourceTree = "<group>"; };
		64A3A9C51DEDFCA700E29D9D /* CommentCell.swift */ = {isa = PBXFileReference; fileEncoding = 4; lastKnownFileType = sourcecode.swift; path = CommentCell.swift; sourceTree = "<group>"; };
		64A3A9C61DEDFCA700E29D9D /* CommentCell.xib */ = {isa = PBXFileReference; fileEncoding = 4; lastKnownFileType = file.xib; path = CommentCell.xib; sourceTree = "<group>"; };
		64A3A9CD1DEE77A100E29D9D /* CommentHeaderView.xib */ = {isa = PBXFileReference; fileEncoding = 4; lastKnownFileType = file.xib; path = CommentHeaderView.xib; sourceTree = "<group>"; };
		64A3A9CF1DEE7BD700E29D9D /* CommentHeaderView.swift */ = {isa = PBXFileReference; fileEncoding = 4; lastKnownFileType = sourcecode.swift; path = CommentHeaderView.swift; sourceTree = "<group>"; };
		64A3A9D11DEED19100E29D9D /* LeaderCell.swift */ = {isa = PBXFileReference; fileEncoding = 4; lastKnownFileType = sourcecode.swift; path = LeaderCell.swift; sourceTree = "<group>"; };
		64A3A9D21DEED19100E29D9D /* LeaderCell.xib */ = {isa = PBXFileReference; fileEncoding = 4; lastKnownFileType = file.xib; path = LeaderCell.xib; sourceTree = "<group>"; };
		64A3A9D61DF0498000E29D9D /* Common.swift */ = {isa = PBXFileReference; fileEncoding = 4; lastKnownFileType = sourcecode.swift; path = Common.swift; sourceTree = "<group>"; };
		64A3A9D81DF14A0400E29D9D /* Constants.swift */ = {isa = PBXFileReference; fileEncoding = 4; lastKnownFileType = sourcecode.swift; path = Constants.swift; sourceTree = "<group>"; };
		64A3A9DB1DF2290C00E29D9D /* RedeemViewController.swift */ = {isa = PBXFileReference; fileEncoding = 4; lastKnownFileType = sourcecode.swift; path = RedeemViewController.swift; sourceTree = "<group>"; };
		64D507A21DE4238800C708BD /* Comment.swift */ = {isa = PBXFileReference; fileEncoding = 4; lastKnownFileType = sourcecode.swift; path = Comment.swift; sourceTree = "<group>"; };
		64D507A41DE423A300C708BD /* Post.swift */ = {isa = PBXFileReference; fileEncoding = 4; lastKnownFileType = sourcecode.swift; path = Post.swift; sourceTree = "<group>"; };
		64D507A61DE4240700C708BD /* Skills.swift */ = {isa = PBXFileReference; fileEncoding = 4; lastKnownFileType = sourcecode.swift; path = Skills.swift; sourceTree = "<group>"; };
		64D507A81DE4244000C708BD /* UserPoints.swift */ = {isa = PBXFileReference; fileEncoding = 4; lastKnownFileType = sourcecode.swift; path = UserPoints.swift; sourceTree = "<group>"; };
		64D507AA1DE4245200C708BD /* SkillPoints.swift */ = {isa = PBXFileReference; fileEncoding = 4; lastKnownFileType = sourcecode.swift; path = SkillPoints.swift; sourceTree = "<group>"; };
		64DBDF3A1DD7B7CD00D1D378 /* TeamConfigurationViewController.swift */ = {isa = PBXFileReference; fileEncoding = 4; lastKnownFileType = sourcecode.swift; path = TeamConfigurationViewController.swift; sourceTree = "<group>"; };
		64DBDF3C1DD7B8A100D1D378 /* TeamCreationViewController.swift */ = {isa = PBXFileReference; fileEncoding = 4; lastKnownFileType = sourcecode.swift; path = TeamCreationViewController.swift; sourceTree = "<group>"; };
		64EDF67E1DD83FBE0071A731 /* TeamCell.swift */ = {isa = PBXFileReference; fileEncoding = 4; lastKnownFileType = sourcecode.swift; path = TeamCell.swift; sourceTree = "<group>"; };
		64EDF67F1DD83FBE0071A731 /* TeamCell.xib */ = {isa = PBXFileReference; fileEncoding = 4; lastKnownFileType = file.xib; path = TeamCell.xib; sourceTree = "<group>"; };
		64EDF6821DD948F00071A731 /* RewardsViewController.swift */ = {isa = PBXFileReference; fileEncoding = 4; lastKnownFileType = sourcecode.swift; path = RewardsViewController.swift; sourceTree = "<group>"; };
		64EDF6841DD9497C0071A731 /* RewardCreationViewController.swift */ = {isa = PBXFileReference; fileEncoding = 4; lastKnownFileType = sourcecode.swift; path = RewardCreationViewController.swift; sourceTree = "<group>"; };
		64FE56C61DD7BFA60099562D /* TeamCreation.storyboard */ = {isa = PBXFileReference; fileEncoding = 4; lastKnownFileType = file.storyboard; path = TeamCreation.storyboard; sourceTree = "<group>"; };
		65DCB59DBA5A01084E428B26 /* Pods_Bravo.framework */ = {isa = PBXFileReference; explicitFileType = wrapper.framework; includeInIndex = 0; path = Pods_Bravo.framework; sourceTree = BUILT_PRODUCTS_DIR; };
		8ED0C7624F7A3D46DF148406 /* Pods-Bravo.debug.xcconfig */ = {isa = PBXFileReference; includeInIndex = 1; lastKnownFileType = text.xcconfig; name = "Pods-Bravo.debug.xcconfig"; path = "Pods/Target Support Files/Pods-Bravo/Pods-Bravo.debug.xcconfig"; sourceTree = "<group>"; };
		E13696081DE9411D00D51FE0 /* background.png */ = {isa = PBXFileReference; lastKnownFileType = image.png; path = background.png; sourceTree = "<group>"; };
		E136960A1DE9420400D51FE0 /* Montserrat-Bold.ttf */ = {isa = PBXFileReference; lastKnownFileType = file; path = "Montserrat-Bold.ttf"; sourceTree = "<group>"; };
		E136960B1DE9420400D51FE0 /* Montserrat-Regular.ttf */ = {isa = PBXFileReference; lastKnownFileType = file; path = "Montserrat-Regular.ttf"; sourceTree = "<group>"; };
		E136960E1DE9467800D51FE0 /* logo.png */ = {isa = PBXFileReference; lastKnownFileType = image.png; path = logo.png; sourceTree = "<group>"; };
		E1574DAB1DED06AC007AC27A /* backArrow128white.png */ = {isa = PBXFileReference; lastKnownFileType = image.png; path = backArrow128white.png; sourceTree = "<group>"; };
		E1574DAD1DED3457007AC27A /* NameViewController.swift */ = {isa = PBXFileReference; fileEncoding = 4; lastKnownFileType = sourcecode.swift; path = NameViewController.swift; sourceTree = "<group>"; };
		E185EA4E1DF510C5006FAE29 /* check128darkGray.png */ = {isa = PBXFileReference; lastKnownFileType = image.png; path = check128darkGray.png; sourceTree = "<group>"; };
		E185EA4F1DF510C5006FAE29 /* check128extraLightGray.png */ = {isa = PBXFileReference; lastKnownFileType = image.png; path = check128extraLightGray.png; sourceTree = "<group>"; };
		E185EA501DF510C5006FAE29 /* check128gray888.png */ = {isa = PBXFileReference; lastKnownFileType = image.png; path = check128gray888.png; sourceTree = "<group>"; };
		E185EA511DF510C5006FAE29 /* check128lightGray.png */ = {isa = PBXFileReference; lastKnownFileType = image.png; path = check128lightGray.png; sourceTree = "<group>"; };
		E185EA521DF510C5006FAE29 /* check128white.png */ = {isa = PBXFileReference; lastKnownFileType = image.png; path = check128white.png; sourceTree = "<group>"; };
		E185EA531DF510C5006FAE29 /* check128green.png */ = {isa = PBXFileReference; lastKnownFileType = image.png; path = check128green.png; sourceTree = "<group>"; };
		E192BA3F1DF242F500BE57D2 /* SignUpEmailViewController.swift */ = {isa = PBXFileReference; fileEncoding = 4; lastKnownFileType = sourcecode.swift; path = SignUpEmailViewController.swift; sourceTree = "<group>"; };
		E192BA411DF2492500BE57D2 /* SignUpPasswordViewController.swift */ = {isa = PBXFileReference; fileEncoding = 4; lastKnownFileType = sourcecode.swift; path = SignUpPasswordViewController.swift; sourceTree = "<group>"; };
		E192BA431DF24B4400BE57D2 /* SignUpPhotoViewController.swift */ = {isa = PBXFileReference; fileEncoding = 4; lastKnownFileType = sourcecode.swift; name = SignUpPhotoViewController.swift; path = ../SignUpPhotoViewController.swift; sourceTree = "<group>"; };
		E192BA451DF24DAB00BE57D2 /* LoginViewController.swift */ = {isa = PBXFileReference; fileEncoding = 4; lastKnownFileType = sourcecode.swift; path = LoginViewController.swift; sourceTree = "<group>"; };
		E192BA471DF344D700BE57D2 /* backArrow128gray888.png */ = {isa = PBXFileReference; lastKnownFileType = image.png; path = backArrow128gray888.png; sourceTree = "<group>"; };
		E192BA491DF3A34B00BE57D2 /* camera256.png */ = {isa = PBXFileReference; lastKnownFileType = image.png; path = camera256.png; sourceTree = "<group>"; };
		E192BA4B1DF3AFEE00BE57D2 /* photosLibrary256.png */ = {isa = PBXFileReference; lastKnownFileType = image.png; path = photosLibrary256.png; sourceTree = "<group>"; };
		E19771271DF5439E0097997D /* TeamPhotoViewController.swift */ = {isa = PBXFileReference; fileEncoding = 4; lastKnownFileType = sourcecode.swift; path = TeamPhotoViewController.swift; sourceTree = "<group>"; };
		E198EE0D1DF4F5C6001B4833 /* rightArrow128green.png */ = {isa = PBXFileReference; lastKnownFileType = image.png; path = rightArrow128green.png; sourceTree = "<group>"; };
		E198EE0E1DF4F5C6001B4833 /* rightArrow128White.png */ = {isa = PBXFileReference; lastKnownFileType = image.png; path = rightArrow128White.png; sourceTree = "<group>"; };
		E198EE0F1DF4F5C6001B4833 /* rightArrow128LightGrayAAB8C2.png */ = {isa = PBXFileReference; lastKnownFileType = image.png; path = rightArrow128LightGrayAAB8C2.png; sourceTree = "<group>"; };
		E1AE75A31DD7C7120060FE6D /* SignUpViewController.swift */ = {isa = PBXFileReference; fileEncoding = 4; lastKnownFileType = sourcecode.swift; path = SignUpViewController.swift; sourceTree = "<group>"; };
		E1AE75A51DD7D2E20060FE6D /* InitialViewController.swift */ = {isa = PBXFileReference; fileEncoding = 4; lastKnownFileType = sourcecode.swift; path = InitialViewController.swift; sourceTree = "<group>"; };
		E1C2AE0E1DF5392300635DD2 /* add128green.png */ = {isa = PBXFileReference; lastKnownFileType = image.png; path = add128green.png; sourceTree = "<group>"; };
		E1C2AE101DF53A1500635DD2 /* fatAdd128green.png */ = {isa = PBXFileReference; lastKnownFileType = image.png; path = fatAdd128green.png; sourceTree = "<group>"; };
		E1E462AC1DEBAB46003A0BCF /* TOSViewController.swift */ = {isa = PBXFileReference; fileEncoding = 4; lastKnownFileType = sourcecode.swift; path = TOSViewController.swift; sourceTree = "<group>"; };
		EE2D5B441DD7AC9500622176 /* Bravo.entitlements */ = {isa = PBXFileReference; lastKnownFileType = text.plist.entitlements; path = Bravo.entitlements; sourceTree = "<group>"; };
		EE3121201DD7E6AA00665F4C /* BravoUser.swift */ = {isa = PBXFileReference; fileEncoding = 4; lastKnownFileType = sourcecode.swift; path = BravoUser.swift; sourceTree = "<group>"; };
		EE3121221DD939A900665F4C /* Team.swift */ = {isa = PBXFileReference; fileEncoding = 4; lastKnownFileType = sourcecode.swift; path = Team.swift; sourceTree = "<group>"; };
		EE4B72D61DF5164600289F0E /* AddCommentCell.swift */ = {isa = PBXFileReference; fileEncoding = 4; lastKnownFileType = sourcecode.swift; path = AddCommentCell.swift; sourceTree = "<group>"; };
		EE4B72D71DF5164600289F0E /* AddCommentCell.xib */ = {isa = PBXFileReference; fileEncoding = 4; lastKnownFileType = file.xib; path = AddCommentCell.xib; sourceTree = "<group>"; };
		EE4FC8E91DF23A3A0087D139 /* TeamAdditionalDetailsViewController.swift */ = {isa = PBXFileReference; fileEncoding = 4; lastKnownFileType = sourcecode.swift; path = TeamAdditionalDetailsViewController.swift; sourceTree = "<group>"; };
		EEB7E01A1DF0058F00C3DCA0 /* Bravo-Bridging-Header.h */ = {isa = PBXFileReference; lastKnownFileType = sourcecode.c.h; path = "Bravo-Bridging-Header.h"; sourceTree = "<group>"; };
		EEBF12C91DE2745000BCCA07 /* Reward.swift */ = {isa = PBXFileReference; fileEncoding = 4; lastKnownFileType = sourcecode.swift; path = Reward.swift; sourceTree = "<group>"; };
		EEE19DE41DF1E04200703600 /* AddTeamCell.swift */ = {isa = PBXFileReference; fileEncoding = 4; lastKnownFileType = sourcecode.swift; path = AddTeamCell.swift; sourceTree = "<group>"; };
		EEE19DE51DF1E04200703600 /* AddTeamCell.xib */ = {isa = PBXFileReference; fileEncoding = 4; lastKnownFileType = file.xib; path = AddTeamCell.xib; sourceTree = "<group>"; };
		EEF36DAA1DD1855C0032BCE6 /* Bravo.app */ = {isa = PBXFileReference; explicitFileType = wrapper.application; includeInIndex = 0; path = Bravo.app; sourceTree = BUILT_PRODUCTS_DIR; };
		EEF36DAD1DD1855C0032BCE6 /* AppDelegate.swift */ = {isa = PBXFileReference; lastKnownFileType = sourcecode.swift; path = AppDelegate.swift; sourceTree = "<group>"; };
		EEF36DAF1DD1855C0032BCE6 /* ViewController.swift */ = {isa = PBXFileReference; lastKnownFileType = sourcecode.swift; path = ViewController.swift; sourceTree = "<group>"; };
		EEF36DB21DD1855C0032BCE6 /* Base */ = {isa = PBXFileReference; lastKnownFileType = file.storyboard; name = Base; path = Base.lproj/Main.storyboard; sourceTree = "<group>"; };
		EEF36DB41DD1855C0032BCE6 /* Assets.xcassets */ = {isa = PBXFileReference; lastKnownFileType = folder.assetcatalog; path = Assets.xcassets; sourceTree = "<group>"; };
		EEF36DB71DD1855C0032BCE6 /* Base */ = {isa = PBXFileReference; lastKnownFileType = file.storyboard; name = Base; path = Base.lproj/LaunchScreen.storyboard; sourceTree = "<group>"; };
		EEF36DB91DD1855C0032BCE6 /* Info.plist */ = {isa = PBXFileReference; lastKnownFileType = text.plist.xml; path = Info.plist; sourceTree = "<group>"; };
/* End PBXFileReference section */

/* Begin PBXFrameworksBuildPhase section */
		EEF36DA71DD1855C0032BCE6 /* Frameworks */ = {
			isa = PBXFrameworksBuildPhase;
			buildActionMask = 2147483647;
			files = (
				3BF61A3DAC150439163342B9 /* Pods_Bravo.framework in Frameworks */,
			);
			runOnlyForDeploymentPostprocessing = 0;
		};
/* End PBXFrameworksBuildPhase section */

/* Begin PBXGroup section */
		35295E083523326B271DEAEB /* Frameworks */ = {
			isa = PBXGroup;
			children = (
				65DCB59DBA5A01084E428B26 /* Pods_Bravo.framework */,
			);
			name = Frameworks;
			sourceTree = "<group>";
		};
		641B235F1DD7B6B600D3BC14 /* View Controllers */ = {
			isa = PBXGroup;
			children = (
				E1F463A21DECC63B00A4C605 /* SignupLogin */,
				EEF36DAF1DD1855C0032BCE6 /* ViewController.swift */,
				64DBDF3A1DD7B7CD00D1D378 /* TeamConfigurationViewController.swift */,
				E19771271DF5439E0097997D /* TeamPhotoViewController.swift */,
				64DBDF3C1DD7B8A100D1D378 /* TeamCreationViewController.swift */,
				64EDF6821DD948F00071A731 /* RewardsViewController.swift */,
				64EDF6841DD9497C0071A731 /* RewardCreationViewController.swift */,
				6441267E1DE80E930060FBED /* TimelineViewController.swift */,
				644126801DE80F0F0060FBED /* TeamViewController.swift */,
				644126821DE80F4F0060FBED /* LeaderboardViewController.swift */,
				644126841DE80F7B0060FBED /* ProfileViewController.swift */,
				6441268A1DEAB1F60060FBED /* CommentsViewController.swift */,
				6441268C1DEAC5EB0060FBED /* PostComposeViewController.swift */,
				6441268E1DEB8B1E0060FBED /* SelectionViewController.swift */,
				644126901DEBA7EA0060FBED /* TeamDetailViewController.swift */,
				EEB7E01A1DF0058F00C3DCA0 /* Bravo-Bridging-Header.h */,
				64A3A9DB1DF2290C00E29D9D /* RedeemViewController.swift */,
				EE4FC8E91DF23A3A0087D139 /* TeamAdditionalDetailsViewController.swift */,
			);
			name = "View Controllers";
			sourceTree = "<group>";
		};
		64A3A9D51DF0496500E29D9D /* Util */ = {
			isa = PBXGroup;
			children = (
				64A3A9D61DF0498000E29D9D /* Common.swift */,
				64A3A9D81DF14A0400E29D9D /* Constants.swift */,
			);
			name = Util;
			sourceTree = "<group>";
		};
		64EDF67D1DD83F900071A731 /* Views */ = {
			isa = PBXGroup;
			children = (
				64EDF67E1DD83FBE0071A731 /* TeamCell.swift */,
				64EDF67F1DD83FBE0071A731 /* TeamCell.xib */,
				649E112B1DDAAA8C00B5D2FD /* RewardCell.swift */,
				649E112C1DDAAA8C00B5D2FD /* RewardCell.xib */,
				649E11311DDAAB2400B5D2FD /* MoreRewardsCell.swift */,
				649E11321DDAAB2400B5D2FD /* MoreRewardsCell.xib */,
				644126861DE822FB0060FBED /* PostCell.swift */,
				644126871DE822FC0060FBED /* PostCell.xib */,
				644126921DEBAA1F0060FBED /* UserCell.swift */,
				644126931DEBAA1F0060FBED /* UserCell.xib */,
				64A3A9C51DEDFCA700E29D9D /* CommentCell.swift */,
				64A3A9C61DEDFCA700E29D9D /* CommentCell.xib */,
				64A3A9CD1DEE77A100E29D9D /* CommentHeaderView.xib */,
				64A3A9CF1DEE7BD700E29D9D /* CommentHeaderView.swift */,
				64A3A9D11DEED19100E29D9D /* LeaderCell.swift */,
				64A3A9D21DEED19100E29D9D /* LeaderCell.xib */,
				EEE19DE41DF1E04200703600 /* AddTeamCell.swift */,
				EEE19DE51DF1E04200703600 /* AddTeamCell.xib */,
				EE4B72D61DF5164600289F0E /* AddCommentCell.swift */,
				EE4B72D71DF5164600289F0E /* AddCommentCell.xib */,
			);
			name = Views;
			sourceTree = "<group>";
		};
		64FE56C51DD7BF840099562D /* Storyboards */ = {
			isa = PBXGroup;
			children = (
				64FE56C61DD7BFA60099562D /* TeamCreation.storyboard */,
				EEF36DB11DD1855C0032BCE6 /* Main.storyboard */,
				6441267C1DE80D7D0060FBED /* Activity.storyboard */,
			);
			name = Storyboards;
			sourceTree = "<group>";
		};
		7C17C0AE10C0E1A673D26383 /* Pods */ = {
			isa = PBXGroup;
			children = (
				8ED0C7624F7A3D46DF148406 /* Pods-Bravo.debug.xcconfig */,
				5C001BAC33DBDD6EC59B8BF0 /* Pods-Bravo.release.xcconfig */,
			);
			name = Pods;
			sourceTree = "<group>";
		};
		E13696071DE9109800D51FE0 /* Assets */ = {
			isa = PBXGroup;
			children = (
				E198EE0D1DF4F5C6001B4833 /* rightArrow128green.png */,
				E198EE0E1DF4F5C6001B4833 /* rightArrow128White.png */,
				E198EE0F1DF4F5C6001B4833 /* rightArrow128LightGrayAAB8C2.png */,
				E192BA491DF3A34B00BE57D2 /* camera256.png */,
				E1C2AE0E1DF5392300635DD2 /* add128green.png */,
				E1C2AE101DF53A1500635DD2 /* fatAdd128green.png */,
				6452509A1DF29A7200DD1384 /* AvenirLTStd-Book.otf */,
				E185EA4E1DF510C5006FAE29 /* check128darkGray.png */,
				E185EA4F1DF510C5006FAE29 /* check128extraLightGray.png */,
				E185EA501DF510C5006FAE29 /* check128gray888.png */,
				E185EA511DF510C5006FAE29 /* check128lightGray.png */,
				E185EA521DF510C5006FAE29 /* check128white.png */,
				E185EA531DF510C5006FAE29 /* check128green.png */,
				6452509B1DF29A7200DD1384 /* AvenirLTStd-Light.otf */,
				E192BA4B1DF3AFEE00BE57D2 /* photosLibrary256.png */,
				6452509C1DF29A7200DD1384 /* AvenirLTStd-Roman.otf */,
				E1574DAB1DED06AC007AC27A /* backArrow128white.png */,
				E136960A1DE9420400D51FE0 /* Montserrat-Bold.ttf */,
				E192BA471DF344D700BE57D2 /* backArrow128gray888.png */,
				E136960B1DE9420400D51FE0 /* Montserrat-Regular.ttf */,
				E136960E1DE9467800D51FE0 /* logo.png */,
				E13696081DE9411D00D51FE0 /* background.png */,
			);
			name = Assets;
			sourceTree = "<group>";
		};
		E1F463A21DECC63B00A4C605 /* SignupLogin */ = {
			isa = PBXGroup;
			children = (
				E192BA3F1DF242F500BE57D2 /* SignUpEmailViewController.swift */,
				E192BA451DF24DAB00BE57D2 /* LoginViewController.swift */,
				E1AE75A31DD7C7120060FE6D /* SignUpViewController.swift */,
				E1E462AC1DEBAB46003A0BCF /* TOSViewController.swift */,
				E1AE75A51DD7D2E20060FE6D /* InitialViewController.swift */,
				E192BA431DF24B4400BE57D2 /* SignUpPhotoViewController.swift */,
				E1574DAD1DED3457007AC27A /* NameViewController.swift */,
				E192BA411DF2492500BE57D2 /* SignUpPasswordViewController.swift */,
			);
			name = SignupLogin;
			sourceTree = "<group>";
		};
		EE2D5B451DD7AD4900622176 /* Models */ = {
			isa = PBXGroup;
			children = (
				EE3121201DD7E6AA00665F4C /* BravoUser.swift */,
				EE3121221DD939A900665F4C /* Team.swift */,
				EEBF12C91DE2745000BCCA07 /* Reward.swift */,
				64D507A21DE4238800C708BD /* Comment.swift */,
				64D507A41DE423A300C708BD /* Post.swift */,
				64D507A61DE4240700C708BD /* Skills.swift */,
				64D507A81DE4244000C708BD /* UserPoints.swift */,
				64D507AA1DE4245200C708BD /* SkillPoints.swift */,
				64344D2B1DED3414006951D0 /* UserSkillPoints.swift */,
				649D49561DF3AA0B00958954 /* PostLikes.swift */,
			);
			name = Models;
			sourceTree = "<group>";
		};
		EEF36DA11DD1855B0032BCE6 = {
			isa = PBXGroup;
			children = (
				EEF36DAC1DD1855C0032BCE6 /* Bravo */,
				EEF36DAB1DD1855C0032BCE6 /* Products */,
				7C17C0AE10C0E1A673D26383 /* Pods */,
				35295E083523326B271DEAEB /* Frameworks */,
			);
			sourceTree = "<group>";
		};
		EEF36DAB1DD1855C0032BCE6 /* Products */ = {
			isa = PBXGroup;
			children = (
				EEF36DAA1DD1855C0032BCE6 /* Bravo.app */,
			);
			name = Products;
			sourceTree = "<group>";
		};
		EEF36DAC1DD1855C0032BCE6 /* Bravo */ = {
			isa = PBXGroup;
			children = (
				64A3A9D51DF0496500E29D9D /* Util */,
				E13696071DE9109800D51FE0 /* Assets */,
				64EDF67D1DD83F900071A731 /* Views */,
				64FE56C51DD7BF840099562D /* Storyboards */,
				641B235F1DD7B6B600D3BC14 /* View Controllers */,
				EE2D5B451DD7AD4900622176 /* Models */,
				EE2D5B441DD7AC9500622176 /* Bravo.entitlements */,
				EEF36DAD1DD1855C0032BCE6 /* AppDelegate.swift */,
				EEF36DB41DD1855C0032BCE6 /* Assets.xcassets */,
				EEF36DB61DD1855C0032BCE6 /* LaunchScreen.storyboard */,
				EEF36DB91DD1855C0032BCE6 /* Info.plist */,
			);
			path = Bravo;
			sourceTree = "<group>";
		};
/* End PBXGroup section */

/* Begin PBXNativeTarget section */
		EEF36DA91DD1855C0032BCE6 /* Bravo */ = {
			isa = PBXNativeTarget;
			buildConfigurationList = EEF36DBC1DD1855C0032BCE6 /* Build configuration list for PBXNativeTarget "Bravo" */;
			buildPhases = (
				7FF3E460F0238CF14C5E3546 /* [CP] Check Pods Manifest.lock */,
				EEF36DA61DD1855C0032BCE6 /* Sources */,
				EEF36DA71DD1855C0032BCE6 /* Frameworks */,
				EEF36DA81DD1855C0032BCE6 /* Resources */,
				BFC0D943BE9DDF697DC3F155 /* [CP] Embed Pods Frameworks */,
				8230B94C3CECF5E9DABBB455 /* [CP] Copy Pods Resources */,
			);
			buildRules = (
			);
			dependencies = (
			);
			name = Bravo;
			productName = Bravo;
			productReference = EEF36DAA1DD1855C0032BCE6 /* Bravo.app */;
			productType = "com.apple.product-type.application";
		};
/* End PBXNativeTarget section */

/* Begin PBXProject section */
		EEF36DA21DD1855B0032BCE6 /* Project object */ = {
			isa = PBXProject;
			attributes = {
				LastSwiftUpdateCheck = 0800;
				LastUpgradeCheck = 0800;
				ORGANIZATIONNAME = BravoInc;
				TargetAttributes = {
					EEF36DA91DD1855C0032BCE6 = {
						CreatedOnToolsVersion = 8.0;
						DevelopmentTeam = 752EL73Z7Y;
						LastSwiftMigration = 0810;
						ProvisioningStyle = Automatic;
						SystemCapabilities = {
							com.apple.BackgroundModes = {
								enabled = 1;
							};
							com.apple.Keychain = {
								enabled = 1;
							};
							com.apple.Push = {
								enabled = 1;
							};
						};
					};
				};
			};
			buildConfigurationList = EEF36DA51DD1855B0032BCE6 /* Build configuration list for PBXProject "Bravo" */;
			compatibilityVersion = "Xcode 3.2";
			developmentRegion = English;
			hasScannedForEncodings = 0;
			knownRegions = (
				en,
				Base,
			);
			mainGroup = EEF36DA11DD1855B0032BCE6;
			productRefGroup = EEF36DAB1DD1855C0032BCE6 /* Products */;
			projectDirPath = "";
			projectRoot = "";
			targets = (
				EEF36DA91DD1855C0032BCE6 /* Bravo */,
			);
		};
/* End PBXProject section */

/* Begin PBXResourcesBuildPhase section */
		EEF36DA81DD1855C0032BCE6 /* Resources */ = {
			isa = PBXResourcesBuildPhase;
			buildActionMask = 2147483647;
			files = (
				E192BA481DF344D700BE57D2 /* backArrow128gray888.png in Resources */,
				E192BA4C1DF3AFEE00BE57D2 /* photosLibrary256.png in Resources */,
				E1574DAC1DED06AC007AC27A /* backArrow128white.png in Resources */,
				6452509E1DF29A7200DD1384 /* AvenirLTStd-Light.otf in Resources */,
				E136960C1DE9420400D51FE0 /* Montserrat-Bold.ttf in Resources */,
				E136960D1DE9420400D51FE0 /* Montserrat-Regular.ttf in Resources */,
				EEE19DE71DF1E04200703600 /* AddTeamCell.xib in Resources */,
				64A3A9C81DEDFCA700E29D9D /* CommentCell.xib in Resources */,
				E1C2AE111DF53A1500635DD2 /* fatAdd128green.png in Resources */,
				E185EA541DF510C5006FAE29 /* check128darkGray.png in Resources */,
				EE4B72D91DF5164600289F0E /* AddCommentCell.xib in Resources */,
				649E112E1DDAAA8C00B5D2FD /* RewardCell.xib in Resources */,
				64A3A9CE1DEE77A100E29D9D /* CommentHeaderView.xib in Resources */,
				E185EA551DF510C5006FAE29 /* check128extraLightGray.png in Resources */,
				E185EA571DF510C5006FAE29 /* check128lightGray.png in Resources */,
				EEF36DB81DD1855C0032BCE6 /* LaunchScreen.storyboard in Resources */,
				64EDF6811DD83FBE0071A731 /* TeamCell.xib in Resources */,
				E198EE101DF4F5C6001B4833 /* rightArrow128green.png in Resources */,
				EEF36DB51DD1855C0032BCE6 /* Assets.xcassets in Resources */,
				644126951DEBAA1F0060FBED /* UserCell.xib in Resources */,
				E1C2AE0F1DF5392300635DD2 /* add128green.png in Resources */,
				E198EE111DF4F5C6001B4833 /* rightArrow128White.png in Resources */,
				6452509D1DF29A7200DD1384 /* AvenirLTStd-Book.otf in Resources */,
				E192BA4A1DF3A34B00BE57D2 /* camera256.png in Resources */,
				644126891DE822FC0060FBED /* PostCell.xib in Resources */,
				6452509F1DF29A7200DD1384 /* AvenirLTStd-Roman.otf in Resources */,
				64FE56C71DD7BFA60099562D /* TeamCreation.storyboard in Resources */,
				64A3A9D41DEED19100E29D9D /* LeaderCell.xib in Resources */,
				E185EA581DF510C5006FAE29 /* check128white.png in Resources */,
				E198EE121DF4F5C6001B4833 /* rightArrow128LightGrayAAB8C2.png in Resources */,
				EEF36DB31DD1855C0032BCE6 /* Main.storyboard in Resources */,
				E185EA591DF510C5006FAE29 /* check128green.png in Resources */,
				E185EA561DF510C5006FAE29 /* check128gray888.png in Resources */,
				E136960F1DE9467800D51FE0 /* logo.png in Resources */,
				649E11341DDAAB2400B5D2FD /* MoreRewardsCell.xib in Resources */,
				E13696091DE9411D00D51FE0 /* background.png in Resources */,
				6441267D1DE80D7D0060FBED /* Activity.storyboard in Resources */,
			);
			runOnlyForDeploymentPostprocessing = 0;
		};
/* End PBXResourcesBuildPhase section */

/* Begin PBXShellScriptBuildPhase section */
		7FF3E460F0238CF14C5E3546 /* [CP] Check Pods Manifest.lock */ = {
			isa = PBXShellScriptBuildPhase;
			buildActionMask = 2147483647;
			files = (
			);
			inputPaths = (
			);
			name = "[CP] Check Pods Manifest.lock";
			outputPaths = (
			);
			runOnlyForDeploymentPostprocessing = 0;
			shellPath = /bin/sh;
			shellScript = "diff \"${PODS_ROOT}/../Podfile.lock\" \"${PODS_ROOT}/Manifest.lock\" > /dev/null\nif [ $? != 0 ] ; then\n    # print error to STDERR\n    echo \"error: The sandbox is not in sync with the Podfile.lock. Run 'pod install' or update your CocoaPods installation.\" >&2\n    exit 1\nfi\n";
			showEnvVarsInLog = 0;
		};
		8230B94C3CECF5E9DABBB455 /* [CP] Copy Pods Resources */ = {
			isa = PBXShellScriptBuildPhase;
			buildActionMask = 2147483647;
			files = (
			);
			inputPaths = (
			);
			name = "[CP] Copy Pods Resources";
			outputPaths = (
			);
			runOnlyForDeploymentPostprocessing = 0;
			shellPath = /bin/sh;
			shellScript = "\"${SRCROOT}/Pods/Target Support Files/Pods-Bravo/Pods-Bravo-resources.sh\"\n";
			showEnvVarsInLog = 0;
		};
		BFC0D943BE9DDF697DC3F155 /* [CP] Embed Pods Frameworks */ = {
			isa = PBXShellScriptBuildPhase;
			buildActionMask = 2147483647;
			files = (
			);
			inputPaths = (
			);
			name = "[CP] Embed Pods Frameworks";
			outputPaths = (
			);
			runOnlyForDeploymentPostprocessing = 0;
			shellPath = /bin/sh;
			shellScript = "\"${SRCROOT}/Pods/Target Support Files/Pods-Bravo/Pods-Bravo-frameworks.sh\"\n";
			showEnvVarsInLog = 0;
		};
/* End PBXShellScriptBuildPhase section */

/* Begin PBXSourcesBuildPhase section */
		EEF36DA61DD1855C0032BCE6 /* Sources */ = {
			isa = PBXSourcesBuildPhase;
			buildActionMask = 2147483647;
			files = (
				64EDF6801DD83FBE0071A731 /* TeamCell.swift in Sources */,
				EE4FC8EA1DF23A3A0087D139 /* TeamAdditionalDetailsViewController.swift in Sources */,
				64A3A9D91DF14A0400E29D9D /* Constants.swift in Sources */,
				E1E462AD1DEBAB46003A0BCF /* TOSViewController.swift in Sources */,
				E1AE75A41DD7C7120060FE6D /* SignUpViewController.swift in Sources */,
				E1AE75A61DD7D2E20060FE6D /* InitialViewController.swift in Sources */,
				649E11331DDAAB2400B5D2FD /* MoreRewardsCell.swift in Sources */,
				64D507AB1DE4245200C708BD /* SkillPoints.swift in Sources */,
				E19771281DF5439E0097997D /* TeamPhotoViewController.swift in Sources */,
				E192BA441DF24B4400BE57D2 /* SignUpPhotoViewController.swift in Sources */,
				64D507A51DE423A300C708BD /* Post.swift in Sources */,
				644126851DE80F7B0060FBED /* ProfileViewController.swift in Sources */,
				64DBDF3D1DD7B8A100D1D378 /* TeamCreationViewController.swift in Sources */,
				64A3A9C71DEDFCA700E29D9D /* CommentCell.swift in Sources */,
				EE4B72D81DF5164600289F0E /* AddCommentCell.swift in Sources */,
				644126941DEBAA1F0060FBED /* UserCell.swift in Sources */,
				64D507A31DE4238800C708BD /* Comment.swift in Sources */,
				64A3A9DC1DF2290C00E29D9D /* RedeemViewController.swift in Sources */,
				64344D2C1DED3414006951D0 /* UserSkillPoints.swift in Sources */,
				649E112D1DDAAA8C00B5D2FD /* RewardCell.swift in Sources */,
				644126811DE80F0F0060FBED /* TeamViewController.swift in Sources */,
				EE3121211DD7E6AA00665F4C /* BravoUser.swift in Sources */,
				64EDF6831DD948F00071A731 /* RewardsViewController.swift in Sources */,
				6441268F1DEB8B1E0060FBED /* SelectionViewController.swift in Sources */,
				64A3A9D01DEE7BD700E29D9D /* CommentHeaderView.swift in Sources */,
				6441267F1DE80E930060FBED /* TimelineViewController.swift in Sources */,
				EEE19DE61DF1E04200703600 /* AddTeamCell.swift in Sources */,
				6441268D1DEAC5EB0060FBED /* PostComposeViewController.swift in Sources */,
				6441268B1DEAB1F60060FBED /* CommentsViewController.swift in Sources */,
				E192BA421DF2492500BE57D2 /* SignUpPasswordViewController.swift in Sources */,
				E1574DAE1DED3457007AC27A /* NameViewController.swift in Sources */,
				64D507A91DE4244000C708BD /* UserPoints.swift in Sources */,
				64EDF6851DD9497C0071A731 /* RewardCreationViewController.swift in Sources */,
				EEF36DB01DD1855C0032BCE6 /* ViewController.swift in Sources */,
				EEF36DAE1DD1855C0032BCE6 /* AppDelegate.swift in Sources */,
				64D507A71DE4240700C708BD /* Skills.swift in Sources */,
				64A3A9D31DEED19100E29D9D /* LeaderCell.swift in Sources */,
				E192BA401DF242F500BE57D2 /* SignUpEmailViewController.swift in Sources */,
				E192BA461DF24DAB00BE57D2 /* LoginViewController.swift in Sources */,
				644126881DE822FC0060FBED /* PostCell.swift in Sources */,
				EEBF12CA1DE2745000BCCA07 /* Reward.swift in Sources */,
				EE3121231DD939A900665F4C /* Team.swift in Sources */,
				64A3A9D71DF0498000E29D9D /* Common.swift in Sources */,
				644126831DE80F4F0060FBED /* LeaderboardViewController.swift in Sources */,
				644126911DEBA7EA0060FBED /* TeamDetailViewController.swift in Sources */,
				649D49571DF3AA0B00958954 /* PostLikes.swift in Sources */,
				64DBDF3B1DD7B7CD00D1D378 /* TeamConfigurationViewController.swift in Sources */,
			);
			runOnlyForDeploymentPostprocessing = 0;
		};
/* End PBXSourcesBuildPhase section */

/* Begin PBXVariantGroup section */
		EEF36DB11DD1855C0032BCE6 /* Main.storyboard */ = {
			isa = PBXVariantGroup;
			children = (
				EEF36DB21DD1855C0032BCE6 /* Base */,
			);
			name = Main.storyboard;
			sourceTree = "<group>";
		};
		EEF36DB61DD1855C0032BCE6 /* LaunchScreen.storyboard */ = {
			isa = PBXVariantGroup;
			children = (
				EEF36DB71DD1855C0032BCE6 /* Base */,
			);
			name = LaunchScreen.storyboard;
			sourceTree = "<group>";
		};
/* End PBXVariantGroup section */

/* Begin XCBuildConfiguration section */
		EEF36DBA1DD1855C0032BCE6 /* Debug */ = {
			isa = XCBuildConfiguration;
			buildSettings = {
				ALWAYS_SEARCH_USER_PATHS = NO;
				CLANG_ANALYZER_NONNULL = YES;
				CLANG_CXX_LANGUAGE_STANDARD = "gnu++0x";
				CLANG_CXX_LIBRARY = "libc++";
				CLANG_ENABLE_MODULES = YES;
				CLANG_ENABLE_OBJC_ARC = YES;
				CLANG_WARN_BOOL_CONVERSION = YES;
				CLANG_WARN_CONSTANT_CONVERSION = YES;
				CLANG_WARN_DIRECT_OBJC_ISA_USAGE = YES_ERROR;
				CLANG_WARN_DOCUMENTATION_COMMENTS = YES;
				CLANG_WARN_EMPTY_BODY = YES;
				CLANG_WARN_ENUM_CONVERSION = YES;
				CLANG_WARN_INFINITE_RECURSION = YES;
				CLANG_WARN_INT_CONVERSION = YES;
				CLANG_WARN_OBJC_ROOT_CLASS = YES_ERROR;
				CLANG_WARN_SUSPICIOUS_MOVES = YES;
				CLANG_WARN_UNREACHABLE_CODE = YES;
				CLANG_WARN__DUPLICATE_METHOD_MATCH = YES;
				"CODE_SIGN_IDENTITY[sdk=iphoneos*]" = "iPhone Developer";
				COPY_PHASE_STRIP = NO;
				DEBUG_INFORMATION_FORMAT = dwarf;
				ENABLE_STRICT_OBJC_MSGSEND = YES;
				ENABLE_TESTABILITY = YES;
				GCC_C_LANGUAGE_STANDARD = gnu99;
				GCC_DYNAMIC_NO_PIC = NO;
				GCC_NO_COMMON_BLOCKS = YES;
				GCC_OPTIMIZATION_LEVEL = 0;
				GCC_PREPROCESSOR_DEFINITIONS = (
					"DEBUG=1",
					"$(inherited)",
				);
				GCC_WARN_64_TO_32_BIT_CONVERSION = YES;
				GCC_WARN_ABOUT_RETURN_TYPE = YES_ERROR;
				GCC_WARN_UNDECLARED_SELECTOR = YES;
				GCC_WARN_UNINITIALIZED_AUTOS = YES_AGGRESSIVE;
				GCC_WARN_UNUSED_FUNCTION = YES;
				GCC_WARN_UNUSED_VARIABLE = YES;
				IPHONEOS_DEPLOYMENT_TARGET = 10.0;
				MTL_ENABLE_DEBUG_INFO = YES;
				ONLY_ACTIVE_ARCH = YES;
				SDKROOT = iphoneos;
				SWIFT_ACTIVE_COMPILATION_CONDITIONS = DEBUG;
				SWIFT_OPTIMIZATION_LEVEL = "-Onone";
			};
			name = Debug;
		};
		EEF36DBB1DD1855C0032BCE6 /* Release */ = {
			isa = XCBuildConfiguration;
			buildSettings = {
				ALWAYS_SEARCH_USER_PATHS = NO;
				CLANG_ANALYZER_NONNULL = YES;
				CLANG_CXX_LANGUAGE_STANDARD = "gnu++0x";
				CLANG_CXX_LIBRARY = "libc++";
				CLANG_ENABLE_MODULES = YES;
				CLANG_ENABLE_OBJC_ARC = YES;
				CLANG_WARN_BOOL_CONVERSION = YES;
				CLANG_WARN_CONSTANT_CONVERSION = YES;
				CLANG_WARN_DIRECT_OBJC_ISA_USAGE = YES_ERROR;
				CLANG_WARN_DOCUMENTATION_COMMENTS = YES;
				CLANG_WARN_EMPTY_BODY = YES;
				CLANG_WARN_ENUM_CONVERSION = YES;
				CLANG_WARN_INFINITE_RECURSION = YES;
				CLANG_WARN_INT_CONVERSION = YES;
				CLANG_WARN_OBJC_ROOT_CLASS = YES_ERROR;
				CLANG_WARN_SUSPICIOUS_MOVES = YES;
				CLANG_WARN_UNREACHABLE_CODE = YES;
				CLANG_WARN__DUPLICATE_METHOD_MATCH = YES;
				"CODE_SIGN_IDENTITY[sdk=iphoneos*]" = "iPhone Developer";
				COPY_PHASE_STRIP = NO;
				DEBUG_INFORMATION_FORMAT = "dwarf-with-dsym";
				ENABLE_NS_ASSERTIONS = NO;
				ENABLE_STRICT_OBJC_MSGSEND = YES;
				GCC_C_LANGUAGE_STANDARD = gnu99;
				GCC_NO_COMMON_BLOCKS = YES;
				GCC_WARN_64_TO_32_BIT_CONVERSION = YES;
				GCC_WARN_ABOUT_RETURN_TYPE = YES_ERROR;
				GCC_WARN_UNDECLARED_SELECTOR = YES;
				GCC_WARN_UNINITIALIZED_AUTOS = YES_AGGRESSIVE;
				GCC_WARN_UNUSED_FUNCTION = YES;
				GCC_WARN_UNUSED_VARIABLE = YES;
				IPHONEOS_DEPLOYMENT_TARGET = 10.0;
				MTL_ENABLE_DEBUG_INFO = NO;
				SDKROOT = iphoneos;
				SWIFT_OPTIMIZATION_LEVEL = "-Owholemodule";
				VALIDATE_PRODUCT = YES;
			};
			name = Release;
		};
		EEF36DBD1DD1855C0032BCE6 /* Debug */ = {
			isa = XCBuildConfiguration;
			baseConfigurationReference = 8ED0C7624F7A3D46DF148406 /* Pods-Bravo.debug.xcconfig */;
			buildSettings = {
				ASSETCATALOG_COMPILER_APPICON_NAME = AppIcon;
				CLANG_ENABLE_MODULES = YES;
				CODE_SIGN_ENTITLEMENTS = Bravo/Bravo.entitlements;
				CODE_SIGN_IDENTITY = "iPhone Developer";
				DEBUG_ACTIVITY_MODE = "";
				"DEBUG_ACTIVITY_MODE[sdk=iphonesimulator*]" = disable;
				DEVELOPMENT_TEAM = 752EL73Z7Y;
				INFOPLIST_FILE = Bravo/Info.plist;
				LD_RUNPATH_SEARCH_PATHS = "$(inherited) @executable_path/Frameworks";
				PRODUCT_BUNDLE_IDENTIFIER = com.jayliew.bravocompany;
				PRODUCT_NAME = "$(TARGET_NAME)";
				SWIFT_OBJC_BRIDGING_HEADER = "Bravo/Bravo-Bridging-Header.h";
				SWIFT_OPTIMIZATION_LEVEL = "-Onone";
				SWIFT_VERSION = 3.0;
			};
			name = Debug;
		};
		EEF36DBE1DD1855C0032BCE6 /* Release */ = {
			isa = XCBuildConfiguration;
			baseConfigurationReference = 5C001BAC33DBDD6EC59B8BF0 /* Pods-Bravo.release.xcconfig */;
			buildSettings = {
				ASSETCATALOG_COMPILER_APPICON_NAME = AppIcon;
				CLANG_ENABLE_MODULES = YES;
				CODE_SIGN_ENTITLEMENTS = Bravo/Bravo.entitlements;
				CODE_SIGN_IDENTITY = "iPhone Distribution";
				DEBUG_ACTIVITY_MODE = "";
				DEVELOPMENT_TEAM = 752EL73Z7Y;
				INFOPLIST_FILE = Bravo/Info.plist;
				LD_RUNPATH_SEARCH_PATHS = "$(inherited) @executable_path/Frameworks";
				PRODUCT_BUNDLE_IDENTIFIER = com.jayliew.bravocompany;
				PRODUCT_NAME = "$(TARGET_NAME)";
				SWIFT_OBJC_BRIDGING_HEADER = "Bravo/Bravo-Bridging-Header.h";
				SWIFT_VERSION = 3.0;
			};
			name = Release;
		};
/* End XCBuildConfiguration section */

/* Begin XCConfigurationList section */
		EEF36DA51DD1855B0032BCE6 /* Build configuration list for PBXProject "Bravo" */ = {
			isa = XCConfigurationList;
			buildConfigurations = (
				EEF36DBA1DD1855C0032BCE6 /* Debug */,
				EEF36DBB1DD1855C0032BCE6 /* Release */,
			);
			defaultConfigurationIsVisible = 0;
			defaultConfigurationName = Release;
		};
		EEF36DBC1DD1855C0032BCE6 /* Build configuration list for PBXNativeTarget "Bravo" */ = {
			isa = XCConfigurationList;
			buildConfigurations = (
				EEF36DBD1DD1855C0032BCE6 /* Debug */,
				EEF36DBE1DD1855C0032BCE6 /* Release */,
			);
			defaultConfigurationIsVisible = 0;
			defaultConfigurationName = Release;
		};
/* End XCConfigurationList section */
	};
	rootObject = EEF36DA21DD1855B0032BCE6 /* Project object */;
}
